<Solution>
  <Project Path="docker-compose.dcproj">
    <Build />
  </Project>
  <Project Path="ICR.API/ICR.API.csproj" Id="75765eb7-c81d-497d-bf8c-46101af84b75" />
  <Project Path="ICR.Application/ICR.Application.csproj" />
  <Project Path="ICR.Domain/ICR.Domain.csproj" />
  <Project Path="ICR.Infastructure/ICR.Infastructure.csproj" />
  <Project Path="ICR.Tests.Integration/ICR.Tests.Integration.csproj" />
</Solution>
